
Microsoft Visual Studio Solution File, Format Version 12.00
# Visual Studio Version 17
VisualStudioVersion = 17.5.002.0
MinimumVisualStudioVersion = 10.0.40219.1
Project("{9A19103F-16F7-4668-BE54-9A1E7A4F7556}") = "Atalho", "Atalho.csproj", "{A623FF57-E194-4AC2-8C8B-5AEBC6E06655}"
EndProject
Global
	GlobalSection(SolutionConfigurationPlatforms) = preSolution
		Debug|Any CPU = Debug|Any CPU
		Release|Any CPU = Release|Any CPU
	EndGlobalSection
	GlobalSection(ProjectConfigurationPlatforms) = postSolution
		{A623FF57-E194-4AC2-8C8B-5AEBC6E06655}.Debug|Any CPU.ActiveCfg = Debug|Any CPU
		{A623FF57-E194-4AC2-8C8B-5AEBC6E06655}.Debug|Any CPU.Build.0 = Debug|Any CPU
		{A623FF57-E194-4AC2-8C8B-5AEBC6E06655}.Release|Any CPU.ActiveCfg = Release|Any CPU
		{A623FF57-E194-4AC2-8C8B-5AEBC6E06655}.Release|Any CPU.Build.0 = Release|Any CPU
	EndGlobalSection
	GlobalSection(SolutionProperties) = preSolution
		HideSolutionNode = FALSE
	EndGlobalSection
	GlobalSection(ExtensibilityGlobals) = postSolution
		SolutionGuid = {D5B77546-05C5-417E-943C-55B9D5AE0087}
	EndGlobalSection
EndGlobal
